
Microsoft Visual Studio Solution File, Format Version 12.00
# Visual Studio 14
VisualStudioVersion = 14.0.25420.1
MinimumVisualStudioVersion = 10.0.40219.1
Project("{8BC9CEB8-8B4A-11D0-8D11-00A0C91BC942}") = "arduino", "arduino\arduino.vcxproj", "{C75D780A-420F-40AC-A8BF-9E369F4CB088}"
EndProject
Project("{8BC9CEB8-8B4A-11D0-8D11-00A0C91BC942}") = "Time", "Time\Time.vcxproj", "{80C6A95A-5AC1-448A-B32D-4D3877F70A4E}"
EndProject
Project("{8BC9CEB8-8B4A-11D0-8D11-00A0C91BC942}") = "DC_TO_AC", "DC_TO_AC\DC_TO_AC.vcxproj", "{C5F80730-F44F-4478-BDAE-6634EFC2CA88}"
EndProject
Project("{8BC9CEB8-8B4A-11D0-8D11-00A0C91BC942}") = "WiFiExtender", "WiFiExtender\WiFiExtender.vcxproj", "{4DA1A07B-FF1C-4AD6-AD67-695655FF15A3}"
EndProject
Project("{8BC9CEB8-8B4A-11D0-8D11-00A0C91BC942}") = "RGB_PC", "RGB_PC\RGB_PC.vcxproj", "{4D4617A9-E650-4F8D-B3FF-709441C6F86A}"
EndProject
Project("{8BC9CEB8-8B4A-11D0-8D11-00A0C91BC942}") = "IR_Onboard", "IR_Onboard\IR_Onboard.vcxproj", "{B9D6F3EC-06F4-4C49-8C4D-235154712E82}"
EndProject
Project("{8BC9CEB8-8B4A-11D0-8D11-00A0C91BC942}") = "IR_Attempt2", "IR_Attempt2\IR_Attempt2.vcxproj", "{E84F6295-F97D-4225-ACD5-DE3D61B8F4FA}"
EndProject
Project("{8BC9CEB8-8B4A-11D0-8D11-00A0C91BC942}") = "RGB_PC_EXE", "RGB_PC_EXE\RGB_PC_EXE.vcxproj", "{3D0BE6CA-916D-4328-9707-A2D31CC0E798}"
EndProject
Project("{8BC9CEB8-8B4A-11D0-8D11-00A0C91BC942}") = "WIFI_PC_Toggle", "WIFI_PC_Toggle\WIFI_PC_Toggle.vcxproj", "{AF71C626-E368-4868-8323-4483B7EBB98A}"
EndProject
Project("{8BC9CEB8-8B4A-11D0-8D11-00A0C91BC942}") = "WebHooks1", "D:\Documents\Arduino\WebHooks1\WebHooks1.vcxproj", "{FB3DAED7-DD1E-4EEF-AA75-1F6797CCA8A4}"
EndProject
Project("{8BC9CEB8-8B4A-11D0-8D11-00A0C91BC942}") = "VoiceController", "D:\Documents\Arduino\VoiceController\VoiceController.vcxproj", "{5BE748ED-567C-49A8-AA5A-E69F649A0956}"
EndProject
Global
	GlobalSection(SolutionConfigurationPlatforms) = preSolution
		Debug|x64 = Debug|x64
		Debug|x86 = Debug|x86
		Release|x64 = Release|x64
		Release|x86 = Release|x86
	EndGlobalSection
	GlobalSection(ProjectConfigurationPlatforms) = postSolution
		{C75D780A-420F-40AC-A8BF-9E369F4CB088}.Debug|x64.ActiveCfg = Debug|x64
		{C75D780A-420F-40AC-A8BF-9E369F4CB088}.Debug|x64.Build.0 = Debug|x64
		{C75D780A-420F-40AC-A8BF-9E369F4CB088}.Debug|x86.ActiveCfg = Debug|Win32
		{C75D780A-420F-40AC-A8BF-9E369F4CB088}.Debug|x86.Build.0 = Debug|Win32
		{C75D780A-420F-40AC-A8BF-9E369F4CB088}.Release|x64.ActiveCfg = Release|x64
		{C75D780A-420F-40AC-A8BF-9E369F4CB088}.Release|x64.Build.0 = Release|x64
		{C75D780A-420F-40AC-A8BF-9E369F4CB088}.Release|x86.ActiveCfg = Release|Win32
		{C75D780A-420F-40AC-A8BF-9E369F4CB088}.Release|x86.Build.0 = Release|Win32
		{80C6A95A-5AC1-448A-B32D-4D3877F70A4E}.Debug|x64.ActiveCfg = Debug|x64
		{80C6A95A-5AC1-448A-B32D-4D3877F70A4E}.Debug|x64.Build.0 = Debug|x64
		{80C6A95A-5AC1-448A-B32D-4D3877F70A4E}.Debug|x86.ActiveCfg = Debug|Win32
		{80C6A95A-5AC1-448A-B32D-4D3877F70A4E}.Debug|x86.Build.0 = Debug|Win32
		{80C6A95A-5AC1-448A-B32D-4D3877F70A4E}.Release|x64.ActiveCfg = Release|x64
		{80C6A95A-5AC1-448A-B32D-4D3877F70A4E}.Release|x64.Build.0 = Release|x64
		{80C6A95A-5AC1-448A-B32D-4D3877F70A4E}.Release|x86.ActiveCfg = Release|Win32
		{80C6A95A-5AC1-448A-B32D-4D3877F70A4E}.Release|x86.Build.0 = Release|Win32
		{C5F80730-F44F-4478-BDAE-6634EFC2CA88}.Debug|x64.ActiveCfg = Debug|Win32
		{C5F80730-F44F-4478-BDAE-6634EFC2CA88}.Debug|x86.ActiveCfg = Debug|Win32
		{C5F80730-F44F-4478-BDAE-6634EFC2CA88}.Debug|x86.Build.0 = Debug|Win32
		{C5F80730-F44F-4478-BDAE-6634EFC2CA88}.Release|x64.ActiveCfg = Release|Win32
		{C5F80730-F44F-4478-BDAE-6634EFC2CA88}.Release|x86.ActiveCfg = Release|Win32
		{C5F80730-F44F-4478-BDAE-6634EFC2CA88}.Release|x86.Build.0 = Release|Win32
		{4DA1A07B-FF1C-4AD6-AD67-695655FF15A3}.Debug|x64.ActiveCfg = Debug|Win32
		{4DA1A07B-FF1C-4AD6-AD67-695655FF15A3}.Debug|x86.ActiveCfg = Debug|Win32
		{4DA1A07B-FF1C-4AD6-AD67-695655FF15A3}.Debug|x86.Build.0 = Debug|Win32
		{4DA1A07B-FF1C-4AD6-AD67-695655FF15A3}.Release|x64.ActiveCfg = Release|Win32
		{4DA1A07B-FF1C-4AD6-AD67-695655FF15A3}.Release|x86.ActiveCfg = Release|Win32
		{4DA1A07B-FF1C-4AD6-AD67-695655FF15A3}.Release|x86.Build.0 = Release|Win32
		{4D4617A9-E650-4F8D-B3FF-709441C6F86A}.Debug|x64.ActiveCfg = Debug|Win32
		{4D4617A9-E650-4F8D-B3FF-709441C6F86A}.Debug|x86.ActiveCfg = Debug|Win32
		{4D4617A9-E650-4F8D-B3FF-709441C6F86A}.Debug|x86.Build.0 = Debug|Win32
		{4D4617A9-E650-4F8D-B3FF-709441C6F86A}.Release|x64.ActiveCfg = Release|Win32
		{4D4617A9-E650-4F8D-B3FF-709441C6F86A}.Release|x86.ActiveCfg = Release|Win32
		{4D4617A9-E650-4F8D-B3FF-709441C6F86A}.Release|x86.Build.0 = Release|Win32
		{B9D6F3EC-06F4-4C49-8C4D-235154712E82}.Debug|x64.ActiveCfg = Debug|Win32
		{B9D6F3EC-06F4-4C49-8C4D-235154712E82}.Debug|x86.ActiveCfg = Debug|Win32
		{B9D6F3EC-06F4-4C49-8C4D-235154712E82}.Debug|x86.Build.0 = Debug|Win32
		{B9D6F3EC-06F4-4C49-8C4D-235154712E82}.Release|x64.ActiveCfg = Release|Win32
		{B9D6F3EC-06F4-4C49-8C4D-235154712E82}.Release|x86.ActiveCfg = Release|Win32
		{B9D6F3EC-06F4-4C49-8C4D-235154712E82}.Release|x86.Build.0 = Release|Win32
		{E84F6295-F97D-4225-ACD5-DE3D61B8F4FA}.Debug|x64.ActiveCfg = Debug|Win32
		{E84F6295-F97D-4225-ACD5-DE3D61B8F4FA}.Debug|x86.ActiveCfg = Debug|Win32
		{E84F6295-F97D-4225-ACD5-DE3D61B8F4FA}.Debug|x86.Build.0 = Debug|Win32
		{E84F6295-F97D-4225-ACD5-DE3D61B8F4FA}.Release|x64.ActiveCfg = Release|Win32
		{E84F6295-F97D-4225-ACD5-DE3D61B8F4FA}.Release|x86.ActiveCfg = Release|Win32
		{E84F6295-F97D-4225-ACD5-DE3D61B8F4FA}.Release|x86.Build.0 = Release|Win32
		{3D0BE6CA-916D-4328-9707-A2D31CC0E798}.Debug|x64.ActiveCfg = Debug|x64
		{3D0BE6CA-916D-4328-9707-A2D31CC0E798}.Debug|x64.Build.0 = Debug|x64
		{3D0BE6CA-916D-4328-9707-A2D31CC0E798}.Debug|x86.ActiveCfg = Debug|Win32
		{3D0BE6CA-916D-4328-9707-A2D31CC0E798}.Debug|x86.Build.0 = Debug|Win32
		{3D0BE6CA-916D-4328-9707-A2D31CC0E798}.Release|x64.ActiveCfg = Release|x64
		{3D0BE6CA-916D-4328-9707-A2D31CC0E798}.Release|x64.Build.0 = Release|x64
		{3D0BE6CA-916D-4328-9707-A2D31CC0E798}.Release|x86.ActiveCfg = Release|Win32
		{3D0BE6CA-916D-4328-9707-A2D31CC0E798}.Release|x86.Build.0 = Release|Win32
		{AF71C626-E368-4868-8323-4483B7EBB98A}.Debug|x64.ActiveCfg = Debug|Win32
		{AF71C626-E368-4868-8323-4483B7EBB98A}.Debug|x86.ActiveCfg = Debug|Win32
		{AF71C626-E368-4868-8323-4483B7EBB98A}.Debug|x86.Build.0 = Debug|Win32
		{AF71C626-E368-4868-8323-4483B7EBB98A}.Release|x64.ActiveCfg = Release|Win32
		{AF71C626-E368-4868-8323-4483B7EBB98A}.Release|x86.ActiveCfg = Release|Win32
		{AF71C626-E368-4868-8323-4483B7EBB98A}.Release|x86.Build.0 = Release|Win32
		{FB3DAED7-DD1E-4EEF-AA75-1F6797CCA8A4}.Debug|x64.ActiveCfg = Debug|Win32
		{FB3DAED7-DD1E-4EEF-AA75-1F6797CCA8A4}.Debug|x86.ActiveCfg = Debug|Win32
		{FB3DAED7-DD1E-4EEF-AA75-1F6797CCA8A4}.Debug|x86.Build.0 = Debug|Win32
		{FB3DAED7-DD1E-4EEF-AA75-1F6797CCA8A4}.Release|x64.ActiveCfg = Release|Win32
		{FB3DAED7-DD1E-4EEF-AA75-1F6797CCA8A4}.Release|x86.ActiveCfg = Release|Win32
		{FB3DAED7-DD1E-4EEF-AA75-1F6797CCA8A4}.Release|x86.Build.0 = Release|Win32
		{5BE748ED-567C-49A8-AA5A-E69F649A0956}.Debug|x64.ActiveCfg = Debug|Win32
		{5BE748ED-567C-49A8-AA5A-E69F649A0956}.Debug|x86.ActiveCfg = Debug|Win32
		{5BE748ED-567C-49A8-AA5A-E69F649A0956}.Debug|x86.Build.0 = Debug|Win32
		{5BE748ED-567C-49A8-AA5A-E69F649A0956}.Release|x64.ActiveCfg = Release|Win32
		{5BE748ED-567C-49A8-AA5A-E69F649A0956}.Release|x86.ActiveCfg = Release|Win32
		{5BE748ED-567C-49A8-AA5A-E69F649A0956}.Release|x86.Build.0 = Release|Win32
	EndGlobalSection
	GlobalSection(SolutionProperties) = preSolution
		HideSolutionNode = FALSE
	EndGlobalSection
EndGlobal
